
Microsoft Visual Studio Solution File, Format Version 12.00
# Visual Studio Version 17
VisualStudioVersion = 17.8.34330.188
MinimumVisualStudioVersion = 10.0.40219.1
Project("{FAE04EC0-301F-11D3-BF4B-00C04F79EFBC}") = "TwentyOneGame", "TwentyOneGame\TwentyOneGame.csproj", "{9DE6DB39-ADC8-494F-881B-ED33D0FAA9E8}"
EndProject
Global
	GlobalSection(SolutionConfigurationPlatforms) = preSolution
		Debug|Any CPU = Debug|Any CPU
		Release|Any CPU = Release|Any CPU
	EndGlobalSection
	GlobalSection(ProjectConfigurationPlatforms) = postSolution
		{9DE6DB39-ADC8-494F-881B-ED33D0FAA9E8}.Debug|Any CPU.ActiveCfg = Debug|Any CPU
		{9DE6DB39-ADC8-494F-881B-ED33D0FAA9E8}.Debug|Any CPU.Build.0 = Debug|Any CPU
		{9DE6DB39-ADC8-494F-881B-ED33D0FAA9E8}.Release|Any CPU.ActiveCfg = Release|Any CPU
		{9DE6DB39-ADC8-494F-881B-ED33D0FAA9E8}.Release|Any CPU.Build.0 = Release|Any CPU
	EndGlobalSection
	GlobalSection(SolutionProperties) = preSolution
		HideSolutionNode = FALSE
	EndGlobalSection
	GlobalSection(ExtensibilityGlobals) = postSolution
		SolutionGuid = {6C8487BA-CECE-4F88-9B77-750EF243F6C3}
	EndGlobalSection
EndGlobal
