
Microsoft Visual Studio Solution File, Format Version 12.00
# Visual Studio Version 17
VisualStudioVersion = 17.8.34330.188
MinimumVisualStudioVersion = 10.0.40219.1
Project("{FAE04EC0-301F-11D3-BF4B-00C04F79EFBC}") = "MethodsAndObjects", "MethodsAndObjects\MethodsAndObjects.csproj", "{3B225619-8439-4A5C-823E-ADFF1260DCAE}"
EndProject
Global
	GlobalSection(SolutionConfigurationPlatforms) = preSolution
		Debug|Any CPU = Debug|Any CPU
		Release|Any CPU = Release|Any CPU
	EndGlobalSection
	GlobalSection(ProjectConfigurationPlatforms) = postSolution
		{3B225619-8439-4A5C-823E-ADFF1260DCAE}.Debug|Any CPU.ActiveCfg = Debug|Any CPU
		{3B225619-8439-4A5C-823E-ADFF1260DCAE}.Debug|Any CPU.Build.0 = Debug|Any CPU
		{3B225619-8439-4A5C-823E-ADFF1260DCAE}.Release|Any CPU.ActiveCfg = Release|Any CPU
		{3B225619-8439-4A5C-823E-ADFF1260DCAE}.Release|Any CPU.Build.0 = Release|Any CPU
	EndGlobalSection
	GlobalSection(SolutionProperties) = preSolution
		HideSolutionNode = FALSE
	EndGlobalSection
	GlobalSection(ExtensibilityGlobals) = postSolution
		SolutionGuid = {09311B5A-F2C5-4DA0-B805-3402C4B89397}
	EndGlobalSection
EndGlobal
