
Microsoft Visual Studio Solution File, Format Version 12.00
# Visual Studio Version 17
VisualStudioVersion = 17.8.34330.188
MinimumVisualStudioVersion = 10.0.40219.1
Project("{FAE04EC0-301F-11D3-BF4B-00C04F79EFBC}") = "OperatorsOverload", "OperatorsOverload\OperatorsOverload.csproj", "{D3EE0F27-5A51-40CD-8BED-C455EE1CF169}"
EndProject
Global
	GlobalSection(SolutionConfigurationPlatforms) = preSolution
		Debug|Any CPU = Debug|Any CPU
		Release|Any CPU = Release|Any CPU
	EndGlobalSection
	GlobalSection(ProjectConfigurationPlatforms) = postSolution
		{D3EE0F27-5A51-40CD-8BED-C455EE1CF169}.Debug|Any CPU.ActiveCfg = Debug|Any CPU
		{D3EE0F27-5A51-40CD-8BED-C455EE1CF169}.Debug|Any CPU.Build.0 = Debug|Any CPU
		{D3EE0F27-5A51-40CD-8BED-C455EE1CF169}.Release|Any CPU.ActiveCfg = Release|Any CPU
		{D3EE0F27-5A51-40CD-8BED-C455EE1CF169}.Release|Any CPU.Build.0 = Release|Any CPU
	EndGlobalSection
	GlobalSection(SolutionProperties) = preSolution
		HideSolutionNode = FALSE
	EndGlobalSection
	GlobalSection(ExtensibilityGlobals) = postSolution
		SolutionGuid = {166D4DEC-EF95-4906-99E9-3D1E13C396FD}
	EndGlobalSection
EndGlobal
