
Microsoft Visual Studio Solution File, Format Version 12.00
# Visual Studio Version 17
VisualStudioVersion = 17.8.34330.188
MinimumVisualStudioVersion = 10.0.40219.1
Project("{FAE04EC0-301F-11D3-BF4B-00C04F79EFBC}") = "ArrayAssignment", "ArrayAssignment\ArrayAssignment.csproj", "{8F8621D9-6000-4FC6-A42F-08EC2953BFFC}"
EndProject
Global
	GlobalSection(SolutionConfigurationPlatforms) = preSolution
		Debug|Any CPU = Debug|Any CPU
		Release|Any CPU = Release|Any CPU
	EndGlobalSection
	GlobalSection(ProjectConfigurationPlatforms) = postSolution
		{8F8621D9-6000-4FC6-A42F-08EC2953BFFC}.Debug|Any CPU.ActiveCfg = Debug|Any CPU
		{8F8621D9-6000-4FC6-A42F-08EC2953BFFC}.Debug|Any CPU.Build.0 = Debug|Any CPU
		{8F8621D9-6000-4FC6-A42F-08EC2953BFFC}.Release|Any CPU.ActiveCfg = Release|Any CPU
		{8F8621D9-6000-4FC6-A42F-08EC2953BFFC}.Release|Any CPU.Build.0 = Release|Any CPU
	EndGlobalSection
	GlobalSection(SolutionProperties) = preSolution
		HideSolutionNode = FALSE
	EndGlobalSection
	GlobalSection(ExtensibilityGlobals) = postSolution
		SolutionGuid = {3E55C6CF-8501-4DF0-9749-A31364231E16}
	EndGlobalSection
EndGlobal
