
Microsoft Visual Studio Solution File, Format Version 12.00
# Visual Studio Version 17
VisualStudioVersion = 17.9.34616.47
MinimumVisualStudioVersion = 10.0.40219.1
Project("{FAE04EC0-301F-11D3-BF4B-00C04F79EFBC}") = "SunSchool", "SunSchool\SunSchool.csproj", "{FBBC0FE7-64E5-467F-A337-EA489CAFE470}"
EndProject
Global
	GlobalSection(SolutionConfigurationPlatforms) = preSolution
		Debug|Any CPU = Debug|Any CPU
		Release|Any CPU = Release|Any CPU
	EndGlobalSection
	GlobalSection(ProjectConfigurationPlatforms) = postSolution
		{FBBC0FE7-64E5-467F-A337-EA489CAFE470}.Debug|Any CPU.ActiveCfg = Debug|Any CPU
		{FBBC0FE7-64E5-467F-A337-EA489CAFE470}.Debug|Any CPU.Build.0 = Debug|Any CPU
		{FBBC0FE7-64E5-467F-A337-EA489CAFE470}.Release|Any CPU.ActiveCfg = Release|Any CPU
		{FBBC0FE7-64E5-467F-A337-EA489CAFE470}.Release|Any CPU.Build.0 = Release|Any CPU
	EndGlobalSection
	GlobalSection(SolutionProperties) = preSolution
		HideSolutionNode = FALSE
	EndGlobalSection
	GlobalSection(ExtensibilityGlobals) = postSolution
		SolutionGuid = {60841559-6E57-4C97-9099-7F917E969303}
	EndGlobalSection
EndGlobal
