
Microsoft Visual Studio Solution File, Format Version 12.00
# Visual Studio Version 17
VisualStudioVersion = 17.8.34330.188
MinimumVisualStudioVersion = 10.0.40219.1
Project("{FAE04EC0-301F-11D3-BF4B-00C04F79EFBC}") = "NewsLetter", "NewsLetter\NewsLetter.csproj", "{B549C1EE-6FA6-4266-848E-FAA12B4F7571}"
EndProject
Global
	GlobalSection(SolutionConfigurationPlatforms) = preSolution
		Debug|Any CPU = Debug|Any CPU
		Release|Any CPU = Release|Any CPU
	EndGlobalSection
	GlobalSection(ProjectConfigurationPlatforms) = postSolution
		{B549C1EE-6FA6-4266-848E-FAA12B4F7571}.Debug|Any CPU.ActiveCfg = Debug|Any CPU
		{B549C1EE-6FA6-4266-848E-FAA12B4F7571}.Debug|Any CPU.Build.0 = Debug|Any CPU
		{B549C1EE-6FA6-4266-848E-FAA12B4F7571}.Release|Any CPU.ActiveCfg = Release|Any CPU
		{B549C1EE-6FA6-4266-848E-FAA12B4F7571}.Release|Any CPU.Build.0 = Release|Any CPU
	EndGlobalSection
	GlobalSection(SolutionProperties) = preSolution
		HideSolutionNode = FALSE
	EndGlobalSection
	GlobalSection(ExtensibilityGlobals) = postSolution
		SolutionGuid = {4B10E0E4-4484-455D-A309-ECB6DD44C6D5}
	EndGlobalSection
EndGlobal
