
Microsoft Visual Studio Solution File, Format Version 12.00
# Visual Studio Version 17
VisualStudioVersion = 17.8.34330.188
MinimumVisualStudioVersion = 10.0.40219.1
Project("{FAE04EC0-301F-11D3-BF4B-00C04F79EFBC}") = "AbstractClass", "AbstractClass\AbstractClass.csproj", "{47DC3D7F-EEFD-4A98-87B9-5F11E60F9E75}"
EndProject
Global
	GlobalSection(SolutionConfigurationPlatforms) = preSolution
		Debug|Any CPU = Debug|Any CPU
		Release|Any CPU = Release|Any CPU
	EndGlobalSection
	GlobalSection(ProjectConfigurationPlatforms) = postSolution
		{47DC3D7F-EEFD-4A98-87B9-5F11E60F9E75}.Debug|Any CPU.ActiveCfg = Debug|Any CPU
		{47DC3D7F-EEFD-4A98-87B9-5F11E60F9E75}.Debug|Any CPU.Build.0 = Debug|Any CPU
		{47DC3D7F-EEFD-4A98-87B9-5F11E60F9E75}.Release|Any CPU.ActiveCfg = Release|Any CPU
		{47DC3D7F-EEFD-4A98-87B9-5F11E60F9E75}.Release|Any CPU.Build.0 = Release|Any CPU
	EndGlobalSection
	GlobalSection(SolutionProperties) = preSolution
		HideSolutionNode = FALSE
	EndGlobalSection
	GlobalSection(ExtensibilityGlobals) = postSolution
		SolutionGuid = {CE90BF40-EAC5-46E5-AAD9-B7DBCEF84CAA}
	EndGlobalSection
EndGlobal
